{
  "requires": true,
  "lockfileVersion": 1,
  "dependencies": {
    "marked": {
      "version": "0.3.19",
      "resolved": "https://registry.npmjs.org/marked/-/marked-0.3.19.tgz",
      "integrity": "sha512-ea2eGWOqNxPcXv8dyERdSr/6FmzvWwzjMxpfGB/sbMccXoct+xY+YukPD+QTUZwyvK7BZwcr4m21WBOW41pAkg=="
    },
    "md-2-json": {
      "version": "1.0.6",
      "resolved": "https://registry.npmjs.org/md-2-json/-/md-2-json-1.0.6.tgz",
      "integrity": "sha512-QQuxm5U8urUWgR1LTKOxY1qk7gehjTzW6X49CUfFTfyu9mldkGpCx6Q0A3kmkBfPpHVvk+eGGfjCMPOl758IeA==",
      "requires": {
        "marked": "^0.3.6",
        "traverse": "^0.6.6"
      }
    },
    "traverse": {
      "version": "0.6.6",
      "resolved": "https://registry.npmjs.org/traverse/-/traverse-0.6.6.tgz",
      "integrity": "sha1-y99WD9e5r2MlAv7UD5GMFX6pcTc="
    }
  }
}
